
Microsoft Visual Studio Solution File, Format Version 12.00
# Visual Studio Version 16
VisualStudioVersion = 16.0.33214.272
MinimumVisualStudioVersion = 10.0.40219.1
Project("{9A19103F-16F7-4668-BE54-9A1E7A4F7556}") = "Mission9_ejake370", "Mission9_ejake370.csproj", "{38B90F8E-3CEA-4A27-ADAA-D18AAB14F0E7}"
EndProject
Global
	GlobalSection(SolutionConfigurationPlatforms) = preSolution
		Debug|Any CPU = Debug|Any CPU
		Release|Any CPU = Release|Any CPU
	EndGlobalSection
	GlobalSection(ProjectConfigurationPlatforms) = postSolution
		{38B90F8E-3CEA-4A27-ADAA-D18AAB14F0E7}.Debug|Any CPU.ActiveCfg = Debug|Any CPU
		{38B90F8E-3CEA-4A27-ADAA-D18AAB14F0E7}.Debug|Any CPU.Build.0 = Debug|Any CPU
		{38B90F8E-3CEA-4A27-ADAA-D18AAB14F0E7}.Release|Any CPU.ActiveCfg = Release|Any CPU
		{38B90F8E-3CEA-4A27-ADAA-D18AAB14F0E7}.Release|Any CPU.Build.0 = Release|Any CPU
	EndGlobalSection
	GlobalSection(SolutionProperties) = preSolution
		HideSolutionNode = FALSE
	EndGlobalSection
	GlobalSection(ExtensibilityGlobals) = postSolution
		SolutionGuid = {53CE78BC-353E-4C0B-A13A-7E25BF27E844}
	EndGlobalSection
EndGlobal
